
Microsoft Visual Studio Solution File, Format Version 12.00
Project("{FAE04EC0-301F-11D3-BF4B-00C04F79EFBC}") = "AsyncEx", "src\AsyncEx\AsyncEx.csproj", "{DDA17038-1810-4036-82E3-DF90BF6EA43C}"
EndProject
Project("{2150E333-8FDC-42A3-9474-1A3956D46DE8}") = "AsyncEx", "AsyncEx", "{3A0CF384-8CBF-4E1D-B57E-AB6609461799}"
EndProject
Project("{FAE04EC0-301F-11D3-BF4B-00C04F79EFBC}") = "AsyncEx.Tests", "AsyncEx.Tests\AsyncEx.Tests.csproj", "{F2101DC0-D038-44FD-B00A-A77AD0D2135E}"
EndProject
Project("{2150E333-8FDC-42A3-9474-1A3956D46DE8}") = "EntityFrameworkCore", "EntityFrameworkCore", "{BDF16B7C-7338-4D6E-825F-03866332F2F2}"
EndProject
Project("{FAE04EC0-301F-11D3-BF4B-00C04F79EFBC}") = "EntityFrameworkCore.Extensions", "EntityFrameworkCore.Extensions\EntityFrameworkCore.Extensions.csproj", "{ADAC05B6-0135-406E-80B6-AE56B12B57ED}"
EndProject
Project("{2150E333-8FDC-42A3-9474-1A3956D46DE8}") = "Result", "Result", "{AE526E5B-1CDB-4D2C-B05A-D97DD157F9E4}"
EndProject
Project("{FAE04EC0-301F-11D3-BF4B-00C04F79EFBC}") = "ResultExtensions", "ResultExtensions\ResultExtensions.csproj", "{0E7633A7-61FE-4559-BE6F-148B88FD0ADA}"
EndProject
Project("{FAE04EC0-301F-11D3-BF4B-00C04F79EFBC}") = "ResultExtensions.Tests", "ResultExtensions.Tests\ResultExtensions.Tests.csproj", "{95765EAE-B6A1-4AEF-B5DD-424F2FF8EB30}"
EndProject
Global
	GlobalSection(SolutionConfigurationPlatforms) = preSolution
		Debug|Any CPU = Debug|Any CPU
		Release|Any CPU = Release|Any CPU
	EndGlobalSection
	GlobalSection(ProjectConfigurationPlatforms) = postSolution
		{DDA17038-1810-4036-82E3-DF90BF6EA43C}.Debug|Any CPU.ActiveCfg = Debug|Any CPU
		{DDA17038-1810-4036-82E3-DF90BF6EA43C}.Debug|Any CPU.Build.0 = Debug|Any CPU
		{DDA17038-1810-4036-82E3-DF90BF6EA43C}.Release|Any CPU.ActiveCfg = Release|Any CPU
		{DDA17038-1810-4036-82E3-DF90BF6EA43C}.Release|Any CPU.Build.0 = Release|Any CPU
		{F2101DC0-D038-44FD-B00A-A77AD0D2135E}.Debug|Any CPU.ActiveCfg = Debug|Any CPU
		{F2101DC0-D038-44FD-B00A-A77AD0D2135E}.Debug|Any CPU.Build.0 = Debug|Any CPU
		{F2101DC0-D038-44FD-B00A-A77AD0D2135E}.Release|Any CPU.ActiveCfg = Release|Any CPU
		{F2101DC0-D038-44FD-B00A-A77AD0D2135E}.Release|Any CPU.Build.0 = Release|Any CPU
		{ADAC05B6-0135-406E-80B6-AE56B12B57ED}.Debug|Any CPU.ActiveCfg = Debug|Any CPU
		{ADAC05B6-0135-406E-80B6-AE56B12B57ED}.Debug|Any CPU.Build.0 = Debug|Any CPU
		{ADAC05B6-0135-406E-80B6-AE56B12B57ED}.Release|Any CPU.ActiveCfg = Release|Any CPU
		{ADAC05B6-0135-406E-80B6-AE56B12B57ED}.Release|Any CPU.Build.0 = Release|Any CPU
		{0E7633A7-61FE-4559-BE6F-148B88FD0ADA}.Debug|Any CPU.ActiveCfg = Debug|Any CPU
		{0E7633A7-61FE-4559-BE6F-148B88FD0ADA}.Debug|Any CPU.Build.0 = Debug|Any CPU
		{0E7633A7-61FE-4559-BE6F-148B88FD0ADA}.Release|Any CPU.ActiveCfg = Release|Any CPU
		{0E7633A7-61FE-4559-BE6F-148B88FD0ADA}.Release|Any CPU.Build.0 = Release|Any CPU
		{95765EAE-B6A1-4AEF-B5DD-424F2FF8EB30}.Debug|Any CPU.ActiveCfg = Debug|Any CPU
		{95765EAE-B6A1-4AEF-B5DD-424F2FF8EB30}.Debug|Any CPU.Build.0 = Debug|Any CPU
		{95765EAE-B6A1-4AEF-B5DD-424F2FF8EB30}.Release|Any CPU.ActiveCfg = Release|Any CPU
		{95765EAE-B6A1-4AEF-B5DD-424F2FF8EB30}.Release|Any CPU.Build.0 = Release|Any CPU
	EndGlobalSection
	GlobalSection(NestedProjects) = preSolution
		{DDA17038-1810-4036-82E3-DF90BF6EA43C} = {3A0CF384-8CBF-4E1D-B57E-AB6609461799}
		{F2101DC0-D038-44FD-B00A-A77AD0D2135E} = {3A0CF384-8CBF-4E1D-B57E-AB6609461799}
		{ADAC05B6-0135-406E-80B6-AE56B12B57ED} = {BDF16B7C-7338-4D6E-825F-03866332F2F2}
		{0E7633A7-61FE-4559-BE6F-148B88FD0ADA} = {AE526E5B-1CDB-4D2C-B05A-D97DD157F9E4}
		{95765EAE-B6A1-4AEF-B5DD-424F2FF8EB30} = {AE526E5B-1CDB-4D2C-B05A-D97DD157F9E4}
	EndGlobalSection
EndGlobal
